<?xml version="1.0" encoding="UTF-8" standalone="yes" ?>
<CodeBlocks_project_file>
	<FileVersion major="1" minor="6" />
	<Project>
		<Option title="Holiday Game in SFML" />
		<Option pch_mode="2" />
		<Option compiler="clang" />
		<Build>
			<Target title="Debug">
				<Option output="bin/Debug/Holiday Game in SFML" prefix_auto="1" extension_auto="1" />
				<Option object_output="obj/Debug/" />
				<Option type="1" />
				<Option compiler="clang" />
				<Compiler>
					<Add option="-g" />
					<Add directory="include" />
				</Compiler>
				<Linker>
					<Add library="sfml-graphics" />
					<Add library="sfml-window" />
					<Add library="sfml-system" />
				</Linker>
			</Target>
			<Target title="Release">
				<Option output="bin/Release/Holiday Game in SFML" prefix_auto="1" extension_auto="1" />
				<Option object_output="obj/Release/" />
				<Option type="0" />
				<Option compiler="clang" />
				<Compiler>
					<Add option="-O2" />
					<Add directory="include" />
				</Compiler>
				<Linker>
					<Add option="-s" />
					<Add library="sfml-graphics" />
					<Add library="sfml-window" />
					<Add library="sfml-system" />
				</Linker>
			</Target>
		</Build>
		<Compiler>
			<Add option="-Wall" />
			<Add option="-std=c++14" />
			<Add option="-m64" />
		</Compiler>
		<Linker>
			<Add option="-m64" />
			<Add library="sfml-system" />
			<Add library="sfml-window" />
			<Add library="sfml-graphics" />
			<Add library="sfml-audio" />
		</Linker>
		<Unit filename="include/ability.hpp" />
		<Unit filename="include/argument_parser.hpp" />
		<Unit filename="include/entity.hpp" />
		<Unit filename="include/force.hpp" />
		<Unit filename="include/game.hpp" />
		<Unit filename="include/level.hpp" />
		<Unit filename="include/physicsengine.hpp" />
		<Unit filename="include/surface.hpp" />
		<Unit filename="main.cpp" />
		<Unit filename="src/entity.cpp" />
		<Unit filename="src/game.cpp" />
		<Unit filename="src/level.cpp" />
		<Unit filename="src/physicsengine.cpp" />
		<Unit filename="src/surface.cpp" />
		<Extensions>
			<code_completion />
			<envvars />
			<debugger />
			<lib_finder disable_auto="1" />
		</Extensions>
	</Project>
</CodeBlocks_project_file>
